lockfileVersion: 5.4

specifiers:
  '@playwright/test': ^1.29.1
  '@types/node': ^18.11.17
  dotenv: ^16.0.3

devDependencies:
  '@playwright/test': 1.29.1
  '@types/node': 18.11.17
  dotenv: 16.0.3

packages:

  /@playwright/test/1.29.1:
    resolution: {integrity: sha512-iQxk2DX5U9wOGV3+/Jh9OHPsw5H3mleUL2S4BgQuwtlAfK3PnKvn38m4Rg9zIViGHVW24opSm99HQm/UFLEy6w==}
    engines: {node: '>=14'}
    hasBin: true
    dependencies:
      '@types/node': 18.11.17
      playwright-core: 1.29.1
    dev: true

  /@types/node/18.11.17:
    resolution: {integrity: sha512-HJSUJmni4BeDHhfzn6nF0sVmd1SMezP7/4F0Lq+aXzmp2xm9O7WXrUtHW/CHlYVtZUbByEvWidHqRtcJXGF2Ng==}
    dev: true

  /dotenv/16.0.3:
    resolution: {integrity: sha512-7GO6HghkA5fYG9TYnNxi14/7K9f5occMlp3zXAuSxn7CKCxt9xbNWG7yF8hTCSUchlfWSe3uLmlPfigevRItzQ==}
    engines: {node: '>=12'}
    dev: true

  /playwright-core/1.29.1:
    resolution: {integrity: sha512-20Ai3d+lMkWpI9YZYlxk8gxatfgax5STW8GaMozAHwigLiyiKQrdkt7gaoT9UQR8FIVDg6qVXs9IoZUQrDjIIg==}
    engines: {node: '>=14'}
    hasBin: true
    dev: true
